// !$*UTF8*$!
{
	archiveVersion = 1;
	classes = {
	};
	objectVersion = 56;
	objects = {

/* Begin PBXBuildFile section */
		DB1A30552C25E0310023677E /* SwiftConcurrencyApp.swift in Sources */ = {isa = PBXBuildFile; fileRef = DB1A30542C25E0310023677E /* SwiftConcurrencyApp.swift */; };
		DB1A30572C25E0310023677E /* ContentView.swift in Sources */ = {isa = PBXBuildFile; fileRef = DB1A30562C25E0310023677E /* ContentView.swift */; };
		DB1A30592C25E0330023677E /* Assets.xcassets in Resources */ = {isa = PBXBuildFile; fileRef = DB1A30582C25E0330023677E /* Assets.xcassets */; };
		DB1A305C2C25E0330023677E /* Preview Assets.xcassets in Resources */ = {isa = PBXBuildFile; fileRef = DB1A305B2C25E0330023677E /* Preview Assets.xcassets */; };
		DB1A30662C25E0360023677E /* SwiftConcurrencyTests.swift in Sources */ = {isa = PBXBuildFile; fileRef = DB1A30652C25E0360023677E /* SwiftConcurrencyTests.swift */; };
		DB1A30702C25E0360023677E /* SwiftConcurrencyUITests.swift in Sources */ = {isa = PBXBuildFile; fileRef = DB1A306F2C25E0360023677E /* SwiftConcurrencyUITests.swift */; };
		DB1A30722C25E0360023677E /* SwiftConcurrencyUITestsLaunchTests.swift in Sources */ = {isa = PBXBuildFile; fileRef = DB1A30712C25E0360023677E /* SwiftConcurrencyUITestsLaunchTests.swift */; };
/* End PBXBuildFile section */

/* Begin PBXContainerItemProxy section */
		DB1A30622C25E0360023677E /* PBXContainerItemProxy */ = {
			isa = PBXContainerItemProxy;
			containerPortal = DB1A30492C25E0310023677E /* Project object */;
			proxyType = 1;
			remoteGlobalIDString = DB1A30502C25E0310023677E;
			remoteInfo = SwiftConcurrency;
		};
		DB1A306C2C25E0360023677E /* PBXContainerItemProxy */ = {
			isa = PBXContainerItemProxy;
			containerPortal = DB1A30492C25E0310023677E /* Project object */;
			proxyType = 1;
			remoteGlobalIDString = DB1A30502C25E0310023677E;
			remoteInfo = SwiftConcurrency;
		};
/* End PBXContainerItemProxy section */

/* Begin PBXFileReference section */
		DB1A30512C25E0310023677E /* SwiftConcurrency.app */ = {isa = PBXFileReference; explicitFileType = wrapper.application; includeInIndex = 0; path = SwiftConcurrency.app; sourceTree = BUILT_PRODUCTS_DIR; };
		DB1A30542C25E0310023677E /* SwiftConcurrencyApp.swift */ = {isa = PBXFileReference; lastKnownFileType = sourcecode.swift; path = SwiftConcurrencyApp.swift; sourceTree = "<group>"; };
		DB1A30562C25E0310023677E /* ContentView.swift */ = {isa = PBXFileReference; lastKnownFileType = sourcecode.swift; path = ContentView.swift; sourceTree = "<group>"; };
		DB1A30582C25E0330023677E /* Assets.xcassets */ = {isa = PBXFileReference; lastKnownFileType = folder.assetcatalog; path = Assets.xcassets; sourceTree = "<group>"; };
		DB1A305B2C25E0330023677E /* Preview Assets.xcassets */ = {isa = PBXFileReference; lastKnownFileType = folder.assetcatalog; path = "Preview Assets.xcassets"; sourceTree = "<group>"; };
		DB1A30612C25E0360023677E /* SwiftConcurrencyTests.xctest */ = {isa = PBXFileReference; explicitFileType = wrapper.cfbundle; includeInIndex = 0; path = SwiftConcurrencyTests.xctest; sourceTree = BUILT_PRODUCTS_DIR; };
		DB1A30652C25E0360023677E /* SwiftConcurrencyTests.swift */ = {isa = PBXFileReference; lastKnownFileType = sourcecode.swift; path = SwiftConcurrencyTests.swift; sourceTree = "<group>"; };
		DB1A306B2C25E0360023677E /* SwiftConcurrencyUITests.xctest */ = {isa = PBXFileReference; explicitFileType = wrapper.cfbundle; includeInIndex = 0; path = SwiftConcurrencyUITests.xctest; sourceTree = BUILT_PRODUCTS_DIR; };
		DB1A306F2C25E0360023677E /* SwiftConcurrencyUITests.swift */ = {isa = PBXFileReference; lastKnownFileType = sourcecode.swift; path = SwiftConcurrencyUITests.swift; sourceTree = "<group>"; };
		DB1A30712C25E0360023677E /* SwiftConcurrencyUITestsLaunchTests.swift */ = {isa = PBXFileReference; lastKnownFileType = sourcecode.swift; path = SwiftConcurrencyUITestsLaunchTests.swift; sourceTree = "<group>"; };
/* End PBXFileReference section */

/* Begin PBXFrameworksBuildPhase section */
		DB1A304E2C25E0310023677E /* Frameworks */ = {
			isa = PBXFrameworksBuildPhase;
			buildActionMask = 2147483647;
			files = (
			);
			runOnlyForDeploymentPostprocessing = 0;
		};
		DB1A305E2C25E0360023677E /* Frameworks */ = {
			isa = PBXFrameworksBuildPhase;
			buildActionMask = 2147483647;
			files = (
			);
			runOnlyForDeploymentPostprocessing = 0;
		};
		DB1A30682C25E0360023677E /* Frameworks */ = {
			isa = PBXFrameworksBuildPhase;
			buildActionMask = 2147483647;
			files = (
			);
			runOnlyForDeploymentPostprocessing = 0;
		};
/* End PBXFrameworksBuildPhase section */

/* Begin PBXGroup section */
		DB1A30482C25E0310023677E = {
			isa = PBXGroup;
			children = (
				DB1A30532C25E0310023677E /* SwiftConcurrency */,
				DB1A30642C25E0360023677E /* SwiftConcurrencyTests */,
				DB1A306E2C25E0360023677E /* SwiftConcurrencyUITests */,
				DB1A30522C25E0310023677E /* Products */,
			);
			sourceTree = "<group>";
		};
		DB1A30522C25E0310023677E /* Products */ = {
			isa = PBXGroup;
			children = (
				DB1A30512C25E0310023677E /* SwiftConcurrency.app */,
				DB1A30612C25E0360023677E /* SwiftConcurrencyTests.xctest */,
				DB1A306B2C25E0360023677E /* SwiftConcurrencyUITests.xctest */,
			);
			name = Products;
			sourceTree = "<group>";
		};
		DB1A30532C25E0310023677E /* SwiftConcurrency */ = {
			isa = PBXGroup;
			children = (
				DB1A30542C25E0310023677E /* SwiftConcurrencyApp.swift */,
				DB1A30562C25E0310023677E /* ContentView.swift */,
				DB1A30582C25E0330023677E /* Assets.xcassets */,
				DB1A305A2C25E0330023677E /* Preview Content */,
			);
			path = SwiftConcurrency;
			sourceTree = "<group>";
		};
		DB1A305A2C25E0330023677E /* Preview Content */ = {
			isa = PBXGroup;
			children = (
				DB1A305B2C25E0330023677E /* Preview Assets.xcassets */,
			);
			path = "Preview Content";
			sourceTree = "<group>";
		};
		DB1A30642C25E0360023677E /* SwiftConcurrencyTests */ = {
			isa = PBXGroup;
			children = (
				DB1A30652C25E0360023677E /* SwiftConcurrencyTests.swift */,
			);
			path = SwiftConcurrencyTests;
			sourceTree = "<group>";
		};
		DB1A306E2C25E0360023677E /* SwiftConcurrencyUITests */ = {
			isa = PBXGroup;
			children = (
				DB1A306F2C25E0360023677E /* SwiftConcurrencyUITests.swift */,
				DB1A30712C25E0360023677E /* SwiftConcurrencyUITestsLaunchTests.swift */,
			);
			path = SwiftConcurrencyUITests;
			sourceTree = "<group>";
		};
/* End PBXGroup section */

/* Begin PBXNativeTarget section */
		DB1A30502C25E0310023677E /* SwiftConcurrency */ = {
			isa = PBXNativeTarget;
			buildConfigurationList = DB1A30752C25E0360023677E /* Build configuration list for PBXNativeTarget "SwiftConcurrency" */;
			buildPhases = (
				DB1A304D2C25E0310023677E /* Sources */,
				DB1A304E2C25E0310023677E /* Frameworks */,
				DB1A304F2C25E0310023677E /* Resources */,
			);
			buildRules = (
			);
			dependencies = (
			);
			name = SwiftConcurrency;
			productName = SwiftConcurrency;
			productReference = DB1A30512C25E0310023677E /* SwiftConcurrency.app */;
			productType = "com.apple.product-type.application";
		};
		DB1A30602C25E0360023677E /* SwiftConcurrencyTests */ = {
			isa = PBXNativeTarget;
			buildConfigurationList = DB1A30782C25E0360023677E /* Build configuration list for PBXNativeTarget "SwiftConcurrencyTests" */;
			buildPhases = (
				DB1A305D2C25E0360023677E /* Sources */,
				DB1A305E2C25E0360023677E /* Frameworks */,
				DB1A305F2C25E0360023677E /* Resources */,
			);
			buildRules = (
			);
			dependencies = (
				DB1A30632C25E0360023677E /* PBXTargetDependency */,
			);
			name = SwiftConcurrencyTests;
			productName = SwiftConcurrencyTests;
			productReference = DB1A30612C25E0360023677E /* SwiftConcurrencyTests.xctest */;
			productType = "com.apple.product-type.bundle.unit-test";
		};
		DB1A306A2C25E0360023677E /* SwiftConcurrencyUITests */ = {
			isa = PBXNativeTarget;
			buildConfigurationList = DB1A307B2C25E0360023677E /* Build configuration list for PBXNativeTarget "SwiftConcurrencyUITests" */;
			buildPhases = (
				DB1A30672C25E0360023677E /* Sources */,
				DB1A30682C25E0360023677E /* Frameworks */,
				DB1A30692C25E0360023677E /* Resources */,
			);
			buildRules = (
			);
			dependencies = (
				DB1A306D2C25E0360023677E /* PBXTargetDependency */,
			);
			name = SwiftConcurrencyUITests;
			productName = SwiftConcurrencyUITests;
			productReference = DB1A306B2C25E0360023677E /* SwiftConcurrencyUITests.xctest */;
			productType = "com.apple.product-type.bundle.ui-testing";
		};
/* End PBXNativeTarget section */

/* Begin PBXProject section */
		DB1A30492C25E0310023677E /* Project object */ = {
			isa = PBXProject;
			attributes = {
				BuildIndependentTargetsInParallel = 1;
				LastSwiftUpdateCheck = 1530;
				LastUpgradeCheck = 1530;
				TargetAttributes = {
					DB1A30502C25E0310023677E = {
						CreatedOnToolsVersion = 15.3;
					};
					DB1A30602C25E0360023677E = {
						CreatedOnToolsVersion = 15.3;
						TestTargetID = DB1A30502C25E0310023677E;
					};
					DB1A306A2C25E0360023677E = {
						CreatedOnToolsVersion = 15.3;
						TestTargetID = DB1A30502C25E0310023677E;
					};
				};
			};
			buildConfigurationList = DB1A304C2C25E0310023677E /* Build configuration list for PBXProject "SwiftConcurrency" */;
			compatibilityVersion = "Xcode 14.0";
			developmentRegion = en;
			hasScannedForEncodings = 0;
			knownRegions = (
				en,
				Base,
			);
			mainGroup = DB1A30482C25E0310023677E;
			productRefGroup = DB1A30522C25E0310023677E /* Products */;
			projectDirPath = "";
			projectRoot = "";
			targets = (
				DB1A30502C25E0310023677E /* SwiftConcurrency */,
				DB1A30602C25E0360023677E /* SwiftConcurrencyTests */,
				DB1A306A2C25E0360023677E /* SwiftConcurrencyUITests */,
			);
		};
/* End PBXProject section */

/* Begin PBXResourcesBuildPhase section */
		DB1A304F2C25E0310023677E /* Resources */ = {
			isa = PBXResourcesBuildPhase;
			buildActionMask = 2147483647;
			files = (
				DB1A305C2C25E0330023677E /* Preview Assets.xcassets in Resources */,
				DB1A30592C25E0330023677E /* Assets.xcassets in Resources */,
			);
			runOnlyForDeploymentPostprocessing = 0;
		};
		DB1A305F2C25E0360023677E /* Resources */ = {
			isa = PBXResourcesBuildPhase;
			buildActionMask = 2147483647;
			files = (
			);
			runOnlyForDeploymentPostprocessing = 0;
		};
		DB1A30692C25E0360023677E /* Resources */ = {
			isa = PBXResourcesBuildPhase;
			buildActionMask = 2147483647;
			files = (
			);
			runOnlyForDeploymentPostprocessing = 0;
		};
/* End PBXResourcesBuildPhase section */

/* Begin PBXSourcesBuildPhase section */
		DB1A304D2C25E0310023677E /* Sources */ = {
			isa = PBXSourcesBuildPhase;
			buildActionMask = 2147483647;
			files = (
				DB1A30572C25E0310023677E /* ContentView.swift in Sources */,
				DB1A30552C25E0310023677E /* SwiftConcurrencyApp.swift in Sources */,
			);
			runOnlyForDeploymentPostprocessing = 0;
		};
		DB1A305D2C25E0360023677E /* Sources */ = {
			isa = PBXSourcesBuildPhase;
			buildActionMask = 2147483647;
			files = (
				DB1A30662C25E0360023677E /* SwiftConcurrencyTests.swift in Sources */,
			);
			runOnlyForDeploymentPostprocessing = 0;
		};
		DB1A30672C25E0360023677E /* Sources */ = {
			isa = PBXSourcesBuildPhase;
			buildActionMask = 2147483647;
			files = (
				DB1A30722C25E0360023677E /* SwiftConcurrencyUITestsLaunchTests.swift in Sources */,
				DB1A30702C25E0360023677E /* SwiftConcurrencyUITests.swift in Sources */,
			);
			runOnlyForDeploymentPostprocessing = 0;
		};
/* End PBXSourcesBuildPhase section */

/* Begin PBXTargetDependency section */
		DB1A30632C25E0360023677E /* PBXTargetDependency */ = {
			isa = PBXTargetDependency;
			target = DB1A30502C25E0310023677E /* SwiftConcurrency */;
			targetProxy = DB1A30622C25E0360023677E /* PBXContainerItemProxy */;
		};
		DB1A306D2C25E0360023677E /* PBXTargetDependency */ = {
			isa = PBXTargetDependency;
			target = DB1A30502C25E0310023677E /* SwiftConcurrency */;
			targetProxy = DB1A306C2C25E0360023677E /* PBXContainerItemProxy */;
		};
/* End PBXTargetDependency section */

/* Begin XCBuildConfiguration section */
		DB1A30732C25E0360023677E /* Debug */ = {
			isa = XCBuildConfiguration;
			buildSettings = {
				ALWAYS_SEARCH_USER_PATHS = NO;
				ASSETCATALOG_COMPILER_GENERATE_SWIFT_ASSET_SYMBOL_EXTENSIONS = YES;
				CLANG_ANALYZER_NONNULL = YES;
				CLANG_ANALYZER_NUMBER_OBJECT_CONVERSION = YES_AGGRESSIVE;
				CLANG_CXX_LANGUAGE_STANDARD = "gnu++20";
				CLANG_ENABLE_MODULES = YES;
				CLANG_ENABLE_OBJC_ARC = YES;
				CLANG_ENABLE_OBJC_WEAK = YES;
				CLANG_WARN_BLOCK_CAPTURE_AUTORELEASING = YES;
				CLANG_WARN_BOOL_CONVERSION = YES;
				CLANG_WARN_COMMA = YES;
				CLANG_WARN_CONSTANT_CONVERSION = YES;
				CLANG_WARN_DEPRECATED_OBJC_IMPLEMENTATIONS = YES;
				CLANG_WARN_DIRECT_OBJC_ISA_USAGE = YES_ERROR;
				CLANG_WARN_DOCUMENTATION_COMMENTS = YES;
				CLANG_WARN_EMPTY_BODY = YES;
				CLANG_WARN_ENUM_CONVERSION = YES;
				CLANG_WARN_INFINITE_RECURSION = YES;
				CLANG_WARN_INT_CONVERSION = YES;
				CLANG_WARN_NON_LITERAL_NULL_CONVERSION = YES;
				CLANG_WARN_OBJC_IMPLICIT_RETAIN_SELF = YES;
				CLANG_WARN_OBJC_LITERAL_CONVERSION = YES;
				CLANG_WARN_OBJC_ROOT_CLASS = YES_ERROR;
				CLANG_WARN_QUOTED_INCLUDE_IN_FRAMEWORK_HEADER = YES;
				CLANG_WARN_RANGE_LOOP_ANALYSIS = YES;
				CLANG_WARN_STRICT_PROTOTYPES = YES;
				CLANG_WARN_SUSPICIOUS_MOVE = YES;
				CLANG_WARN_UNGUARDED_AVAILABILITY = YES_AGGRESSIVE;
				CLANG_WARN_UNREACHABLE_CODE = YES;
				CLANG_WARN__DUPLICATE_METHOD_MATCH = YES;
				COPY_PHASE_STRIP = NO;
				DEBUG_INFORMATION_FORMAT = dwarf;
				ENABLE_STRICT_OBJC_MSGSEND = YES;
				ENABLE_TESTABILITY = YES;
				ENABLE_USER_SCRIPT_SANDBOXING = YES;
				GCC_C_LANGUAGE_STANDARD = gnu17;
				GCC_DYNAMIC_NO_PIC = NO;
				GCC_NO_COMMON_BLOCKS = YES;
				GCC_OPTIMIZATION_LEVEL = 0;
				GCC_PREPROCESSOR_DEFINITIONS = (
					"DEBUG=1",
					"$(inherited)",
				);
				GCC_WARN_64_TO_32_BIT_CONVERSION = YES;
				GCC_WARN_ABOUT_RETURN_TYPE = YES_ERROR;
				GCC_WARN_UNDECLARED_SELECTOR = YES;
				GCC_WARN_UNINITIALIZED_AUTOS = YES_AGGRESSIVE;
				GCC_WARN_UNUSED_FUNCTION = YES;
				GCC_WARN_UNUSED_VARIABLE = YES;
				IPHONEOS_DEPLOYMENT_TARGET = 17.4;
				LOCALIZATION_PREFERS_STRING_CATALOGS = YES;
				MTL_ENABLE_DEBUG_INFO = INCLUDE_SOURCE;
				MTL_FAST_MATH = YES;
				ONLY_ACTIVE_ARCH = YES;
				SDKROOT = iphoneos;
				SWIFT_ACTIVE_COMPILATION_CONDITIONS = "DEBUG $(inherited)";
				SWIFT_OPTIMIZATION_LEVEL = "-Onone";
			};
			name = Debug;
		};
		DB1A30742C25E0360023677E /* Release */ = {
			isa = XCBuildConfiguration;
			buildSettings = {
				ALWAYS_SEARCH_USER_PATHS = NO;
				ASSETCATALOG_COMPILER_GENERATE_SWIFT_ASSET_SYMBOL_EXTENSIONS = YES;
				CLANG_ANALYZER_NONNULL = YES;
				CLANG_ANALYZER_NUMBER_OBJECT_CONVERSION = YES_AGGRESSIVE;
				CLANG_CXX_LANGUAGE_STANDARD = "gnu++20";
				CLANG_ENABLE_MODULES = YES;
				CLANG_ENABLE_OBJC_ARC = YES;
				CLANG_ENABLE_OBJC_WEAK = YES;
				CLANG_WARN_BLOCK_CAPTURE_AUTORELEASING = YES;
				CLANG_WARN_BOOL_CONVERSION = YES;
				CLANG_WARN_COMMA = YES;
				CLANG_WARN_CONSTANT_CONVERSION = YES;
				CLANG_WARN_DEPRECATED_OBJC_IMPLEMENTATIONS = YES;
				CLANG_WARN_DIRECT_OBJC_ISA_USAGE = YES_ERROR;
				CLANG_WARN_DOCUMENTATION_COMMENTS = YES;
				CLANG_WARN_EMPTY_BODY = YES;
				CLANG_WARN_ENUM_CONVERSION = YES;
				CLANG_WARN_INFINITE_RECURSION = YES;
				CLANG_WARN_INT_CONVERSION = YES;
				CLANG_WARN_NON_LITERAL_NULL_CONVERSION = YES;
				CLANG_WARN_OBJC_IMPLICIT_RETAIN_SELF = YES;
				CLANG_WARN_OBJC_LITERAL_CONVERSION = YES;
				CLANG_WARN_OBJC_ROOT_CLASS = YES_ERROR;
				CLANG_WARN_QUOTED_INCLUDE_IN_FRAMEWORK_HEADER = YES;
				CLANG_WARN_RANGE_LOOP_ANALYSIS = YES;
				CLANG_WARN_STRICT_PROTOTYPES = YES;
				CLANG_WARN_SUSPICIOUS_MOVE = YES;
				CLANG_WARN_UNGUARDED_AVAILABILITY = YES_AGGRESSIVE;
				CLANG_WARN_UNREACHABLE_CODE = YES;
				CLANG_WARN__DUPLICATE_METHOD_MATCH = YES;
				COPY_PHASE_STRIP = NO;
				DEBUG_INFORMATION_FORMAT = "dwarf-with-dsym";
				ENABLE_NS_ASSERTIONS = NO;
				ENABLE_STRICT_OBJC_MSGSEND = YES;
				ENABLE_USER_SCRIPT_SANDBOXING = YES;
				GCC_C_LANGUAGE_STANDARD = gnu17;
				GCC_NO_COMMON_BLOCKS = YES;
				GCC_WARN_64_TO_32_BIT_CONVERSION = YES;
				GCC_WARN_ABOUT_RETURN_TYPE = YES_ERROR;
				GCC_WARN_UNDECLARED_SELECTOR = YES;
				GCC_WARN_UNINITIALIZED_AUTOS = YES_AGGRESSIVE;
				GCC_WARN_UNUSED_FUNCTION = YES;
				GCC_WARN_UNUSED_VARIABLE = YES;
				IPHONEOS_DEPLOYMENT_TARGET = 17.4;
				LOCALIZATION_PREFERS_STRING_CATALOGS = YES;
				MTL_ENABLE_DEBUG_INFO = NO;
				MTL_FAST_MATH = YES;
				SDKROOT = iphoneos;
				SWIFT_COMPILATION_MODE = wholemodule;
				VALIDATE_PRODUCT = YES;
			};
			name = Release;
		};
		DB1A30762C25E0360023677E /* Debug */ = {
			isa = XCBuildConfiguration;
			buildSettings = {
				ASSETCATALOG_COMPILER_APPICON_NAME = AppIcon;
				ASSETCATALOG_COMPILER_GLOBAL_ACCENT_COLOR_NAME = AccentColor;
				CODE_SIGN_STYLE = Automatic;
				CURRENT_PROJECT_VERSION = 1;
				DEVELOPMENT_ASSET_PATHS = "\"SwiftConcurrency/Preview Content\"";
				ENABLE_PREVIEWS = YES;
				GENERATE_INFOPLIST_FILE = YES;
				INFOPLIST_KEY_UIApplicationSceneManifest_Generation = YES;
				INFOPLIST_KEY_UIApplicationSupportsIndirectInputEvents = YES;
				INFOPLIST_KEY_UILaunchScreen_Generation = YES;
				INFOPLIST_KEY_UISupportedInterfaceOrientations_iPad = "UIInterfaceOrientationPortrait UIInterfaceOrientationPortraitUpsideDown UIInterfaceOrientationLandscapeLeft UIInterfaceOrientationLandscapeRight";
				INFOPLIST_KEY_UISupportedInterfaceOrientations_iPhone = "UIInterfaceOrientationPortrait UIInterfaceOrientationLandscapeLeft UIInterfaceOrientationLandscapeRight";
				LD_RUNPATH_SEARCH_PATHS = (
					"$(inherited)",
					"@executable_path/Frameworks",
				);
				MARKETING_VERSION = 1.0;
				PRODUCT_BUNDLE_IDENTIFIER = com.rodrigues.SwiftConcurrency;
				PRODUCT_NAME = "$(TARGET_NAME)";
				SWIFT_EMIT_LOC_STRINGS = YES;
				SWIFT_VERSION = 5.0;
				TARGETED_DEVICE_FAMILY = "1,2";
			};
			name = Debug;
		};
		DB1A30772C25E0360023677E /* Release */ = {
			isa = XCBuildConfiguration;
			buildSettings = {
				ASSETCATALOG_COMPILER_APPICON_NAME = AppIcon;
				ASSETCATALOG_COMPILER_GLOBAL_ACCENT_COLOR_NAME = AccentColor;
				CODE_SIGN_STYLE = Automatic;
				CURRENT_PROJECT_VERSION = 1;
				DEVELOPMENT_ASSET_PATHS = "\"SwiftConcurrency/Preview Content\"";
				ENABLE_PREVIEWS = YES;
				GENERATE_INFOPLIST_FILE = YES;
				INFOPLIST_KEY_UIApplicationSceneManifest_Generation = YES;
				INFOPLIST_KEY_UIApplicationSupportsIndirectInputEvents = YES;
				INFOPLIST_KEY_UILaunchScreen_Generation = YES;
				INFOPLIST_KEY_UISupportedInterfaceOrientations_iPad = "UIInterfaceOrientationPortrait UIInterfaceOrientationPortraitUpsideDown UIInterfaceOrientationLandscapeLeft UIInterfaceOrientationLandscapeRight";
				INFOPLIST_KEY_UISupportedInterfaceOrientations_iPhone = "UIInterfaceOrientationPortrait UIInterfaceOrientationLandscapeLeft UIInterfaceOrientationLandscapeRight";
				LD_RUNPATH_SEARCH_PATHS = (
					"$(inherited)",
					"@executable_path/Frameworks",
				);
				MARKETING_VERSION = 1.0;
				PRODUCT_BUNDLE_IDENTIFIER = com.rodrigues.SwiftConcurrency;
				PRODUCT_NAME = "$(TARGET_NAME)";
				SWIFT_EMIT_LOC_STRINGS = YES;
				SWIFT_VERSION = 5.0;
				TARGETED_DEVICE_FAMILY = "1,2";
			};
			name = Release;
		};
		DB1A30792C25E0360023677E /* Debug */ = {
			isa = XCBuildConfiguration;
			buildSettings = {
				ALWAYS_EMBED_SWIFT_STANDARD_LIBRARIES = YES;
				BUNDLE_LOADER = "$(TEST_HOST)";
				CODE_SIGN_STYLE = Automatic;
				CURRENT_PROJECT_VERSION = 1;
				GENERATE_INFOPLIST_FILE = YES;
				IPHONEOS_DEPLOYMENT_TARGET = 17.4;
				MARKETING_VERSION = 1.0;
				PRODUCT_BUNDLE_IDENTIFIER = com.rodrigues.SwiftConcurrencyTests;
				PRODUCT_NAME = "$(TARGET_NAME)";
				SWIFT_EMIT_LOC_STRINGS = NO;
				SWIFT_VERSION = 5.0;
				TARGETED_DEVICE_FAMILY = "1,2";
				TEST_HOST = "$(BUILT_PRODUCTS_DIR)/SwiftConcurrency.app/$(BUNDLE_EXECUTABLE_FOLDER_PATH)/SwiftConcurrency";
			};
			name = Debug;
		};
		DB1A307A2C25E0360023677E /* Release */ = {
			isa = XCBuildConfiguration;
			buildSettings = {
				ALWAYS_EMBED_SWIFT_STANDARD_LIBRARIES = YES;
				BUNDLE_LOADER = "$(TEST_HOST)";
				CODE_SIGN_STYLE = Automatic;
				CURRENT_PROJECT_VERSION = 1;
				GENERATE_INFOPLIST_FILE = YES;
				IPHONEOS_DEPLOYMENT_TARGET = 17.4;
				MARKETING_VERSION = 1.0;
				PRODUCT_BUNDLE_IDENTIFIER = com.rodrigues.SwiftConcurrencyTests;
				PRODUCT_NAME = "$(TARGET_NAME)";
				SWIFT_EMIT_LOC_STRINGS = NO;
				SWIFT_VERSION = 5.0;
				TARGETED_DEVICE_FAMILY = "1,2";
				TEST_HOST = "$(BUILT_PRODUCTS_DIR)/SwiftConcurrency.app/$(BUNDLE_EXECUTABLE_FOLDER_PATH)/SwiftConcurrency";
			};
			name = Release;
		};
		DB1A307C2C25E0360023677E /* Debug */ = {
			isa = XCBuildConfiguration;
			buildSettings = {
				ALWAYS_EMBED_SWIFT_STANDARD_LIBRARIES = YES;
				CODE_SIGN_STYLE = Automatic;
				CURRENT_PROJECT_VERSION = 1;
				GENERATE_INFOPLIST_FILE = YES;
				MARKETING_VERSION = 1.0;
				PRODUCT_BUNDLE_IDENTIFIER = com.rodrigues.SwiftConcurrencyUITests;
				PRODUCT_NAME = "$(TARGET_NAME)";
				SWIFT_EMIT_LOC_STRINGS = NO;
				SWIFT_VERSION = 5.0;
				TARGETED_DEVICE_FAMILY = "1,2";
				TEST_TARGET_NAME = SwiftConcurrency;
			};
			name = Debug;
		};
		DB1A307D2C25E0360023677E /* Release */ = {
			isa = XCBuildConfiguration;
			buildSettings = {
				ALWAYS_EMBED_SWIFT_STANDARD_LIBRARIES = YES;
				CODE_SIGN_STYLE = Automatic;
				CURRENT_PROJECT_VERSION = 1;
				GENERATE_INFOPLIST_FILE = YES;
				MARKETING_VERSION = 1.0;
				PRODUCT_BUNDLE_IDENTIFIER = com.rodrigues.SwiftConcurrencyUITests;
				PRODUCT_NAME = "$(TARGET_NAME)";
				SWIFT_EMIT_LOC_STRINGS = NO;
				SWIFT_VERSION = 5.0;
				TARGETED_DEVICE_FAMILY = "1,2";
				TEST_TARGET_NAME = SwiftConcurrency;
			};
			name = Release;
		};
/* End XCBuildConfiguration section */

/* Begin XCConfigurationList section */
		DB1A304C2C25E0310023677E /* Build configuration list for PBXProject "SwiftConcurrency" */ = {
			isa = XCConfigurationList;
			buildConfigurations = (
				DB1A30732C25E0360023677E /* Debug */,
				DB1A30742C25E0360023677E /* Release */,
			);
			defaultConfigurationIsVisible = 0;
			defaultConfigurationName = Release;
		};
		DB1A30752C25E0360023677E /* Build configuration list for PBXNativeTarget "SwiftConcurrency" */ = {
			isa = XCConfigurationList;
			buildConfigurations = (
				DB1A30762C25E0360023677E /* Debug */,
				DB1A30772C25E0360023677E /* Release */,
			);
			defaultConfigurationIsVisible = 0;
			defaultConfigurationName = Release;
		};
		DB1A30782C25E0360023677E /* Build configuration list for PBXNativeTarget "SwiftConcurrencyTests" */ = {
			isa = XCConfigurationList;
			buildConfigurations = (
				DB1A30792C25E0360023677E /* Debug */,
				DB1A307A2C25E0360023677E /* Release */,
			);
			defaultConfigurationIsVisible = 0;
			defaultConfigurationName = Release;
		};
		DB1A307B2C25E0360023677E /* Build configuration list for PBXNativeTarget "SwiftConcurrencyUITests" */ = {
			isa = XCConfigurationList;
			buildConfigurations = (
				DB1A307C2C25E0360023677E /* Debug */,
				DB1A307D2C25E0360023677E /* Release */,
			);
			defaultConfigurationIsVisible = 0;
			defaultConfigurationName = Release;
		};
/* End XCConfigurationList section */
	};
	rootObject = DB1A30492C25E0310023677E /* Project object */;
}
